charts:
  aws-load-balancer-controller:
    repository: https://aws.github.io/eks-charts
    chart: aws-load-balancer-controller
    version: 3.4.0
  karpenter:
    repository: oci://public.ecr.aws/karpenter
    chart: karpenter
    version: 1.14.0
  keda:
    repository: https://kedacore.github.io/charts
    chart: keda
    version: 2.20.1
  metrics-server:
    repository: https://kubernetes-sigs.github.io/metrics-server
    chart: metrics-server
    version: 3.13.1
  argo-rollouts:
    repository: https://argoproj.github.io/argo-helm
    chart: argo-rollouts
    version: 2.41.1
